
Microsoft Visual Studio Solution File, Format Version 12.00
# Visual Studio Version 16
VisualStudioVersion = 16.0.29318.209
MinimumVisualStudioVersion = 10.0.40219.1
Project("{9A19103F-16F7-4668-BE54-9A1E7A4F7556}") = "Ruler", "Ruler.NetCore\Ruler.csproj", "{281EEEE6-FD14-45B9-8F85-7609026ECA3F}"
EndProject
Project("{2150E333-8FDC-42A3-9474-1A3956D46DE8}") = "Solution Items", "Solution Items", "{C5EF1191-0D61-457D-A49E-8BD6CE0EB295}"
	ProjectSection(SolutionItems) = preProject
		..\README.md = ..\README.md
	EndProjectSection
EndProject
Global
	GlobalSection(SolutionConfigurationPlatforms) = preSolution
		Debug|Any CPU = Debug|Any CPU
		Release|Any CPU = Release|Any CPU
	EndGlobalSection
	GlobalSection(ProjectConfigurationPlatforms) = postSolution
		{281EEEE6-FD14-45B9-8F85-7609026ECA3F}.Debug|Any CPU.ActiveCfg = Debug|Any CPU
		{281EEEE6-FD14-45B9-8F85-7609026ECA3F}.Debug|Any CPU.Build.0 = Debug|Any CPU
		{281EEEE6-FD14-45B9-8F85-7609026ECA3F}.Release|Any CPU.ActiveCfg = Release|Any CPU
		{281EEEE6-FD14-45B9-8F85-7609026ECA3F}.Release|Any CPU.Build.0 = Release|Any CPU
	EndGlobalSection
	GlobalSection(SolutionProperties) = preSolution
		HideSolutionNode = FALSE
	EndGlobalSection
	GlobalSection(ExtensibilityGlobals) = postSolution
		SolutionGuid = {7C52A45A-4F64-428F-BAA4-F669F60F5273}
	EndGlobalSection
EndGlobal
